
Microsoft Visual Studio Solution File, Format Version 11.00
# Visual Studio 2010
Project("{FAE04EC0-301F-11D3-BF4B-00C04F79EFBC}") = "Assembly-CSharp", "Assembly-CSharp.csproj", "{13612e03-5451-efdb-c990-75f04c44ddc9}"
EndProject
Project("{FAE04EC0-301F-11D3-BF4B-00C04F79EFBC}") = "Assembly-CSharp-firstpass", "Assembly-CSharp-firstpass.csproj", "{31d31a9d-60f5-e4ac-162a-5bbcd303572b}"
EndProject
Project("{FAE04EC0-301F-11D3-BF4B-00C04F79EFBC}") = "Assembly-CSharp-Editor-firstpass", "Assembly-CSharp-Editor-firstpass.csproj", "{e5f062ec-1353-fd4c-c6fb-9fda19ee59b9}"
EndProject
Project("{FAE04EC0-301F-11D3-BF4B-00C04F79EFBC}") = "Assembly-CSharp-Editor", "Assembly-CSharp-Editor.csproj", "{79a9c576-afdd-2ed6-2364-c93f60525531}"
EndProject
Global
	GlobalSection(SolutionConfigurationPlatforms) = preSolution
		Debug|Any CPU = Debug|Any CPU
	EndGlobalSection
	GlobalSection(ProjectConfigurationPlatforms) = postSolution
		{13612e03-5451-efdb-c990-75f04c44ddc9}.Debug|Any CPU.ActiveCfg = Debug|Any CPU
		{13612e03-5451-efdb-c990-75f04c44ddc9}.Debug|Any CPU.Build.0 = Debug|Any CPU
		{31d31a9d-60f5-e4ac-162a-5bbcd303572b}.Debug|Any CPU.ActiveCfg = Debug|Any CPU
		{31d31a9d-60f5-e4ac-162a-5bbcd303572b}.Debug|Any CPU.Build.0 = Debug|Any CPU
		{e5f062ec-1353-fd4c-c6fb-9fda19ee59b9}.Debug|Any CPU.ActiveCfg = Debug|Any CPU
		{e5f062ec-1353-fd4c-c6fb-9fda19ee59b9}.Debug|Any CPU.Build.0 = Debug|Any CPU
		{79a9c576-afdd-2ed6-2364-c93f60525531}.Debug|Any CPU.ActiveCfg = Debug|Any CPU
		{79a9c576-afdd-2ed6-2364-c93f60525531}.Debug|Any CPU.Build.0 = Debug|Any CPU
	EndGlobalSection
	GlobalSection(SolutionProperties) = preSolution
		HideSolutionNode = FALSE
	EndGlobalSection
EndGlobal
